
Microsoft Visual Studio Solution File, Format Version 12.00
# Visual Studio 14
VisualStudioVersion = 14.0.25420.1
MinimumVisualStudioVersion = 10.0.40219.1
Project("{FAE04EC0-301F-11D3-BF4B-00C04F79EFBC}") = "Automation", "Automation\Automation.csproj", "{0CD5A51C-655F-43A6-B2C5-7FC90EB33962}"
EndProject
Project("{FAE04EC0-301F-11D3-BF4B-00C04F79EFBC}") = "SeleniumTest", "SeleniumTest\SeleniumTest.csproj", "{9F7F4637-D845-4F20-9D62-D986E2F6E9C2}"
EndProject
Global
	GlobalSection(SolutionConfigurationPlatforms) = preSolution
		Debug|Any CPU = Debug|Any CPU
		Release|Any CPU = Release|Any CPU
	EndGlobalSection
	GlobalSection(ProjectConfigurationPlatforms) = postSolution
		{0CD5A51C-655F-43A6-B2C5-7FC90EB33962}.Debug|Any CPU.ActiveCfg = Debug|Any CPU
		{0CD5A51C-655F-43A6-B2C5-7FC90EB33962}.Debug|Any CPU.Build.0 = Debug|Any CPU
		{0CD5A51C-655F-43A6-B2C5-7FC90EB33962}.Release|Any CPU.ActiveCfg = Release|Any CPU
		{0CD5A51C-655F-43A6-B2C5-7FC90EB33962}.Release|Any CPU.Build.0 = Release|Any CPU
		{9F7F4637-D845-4F20-9D62-D986E2F6E9C2}.Debug|Any CPU.ActiveCfg = Debug|Any CPU
		{9F7F4637-D845-4F20-9D62-D986E2F6E9C2}.Debug|Any CPU.Build.0 = Debug|Any CPU
		{9F7F4637-D845-4F20-9D62-D986E2F6E9C2}.Release|Any CPU.ActiveCfg = Release|Any CPU
		{9F7F4637-D845-4F20-9D62-D986E2F6E9C2}.Release|Any CPU.Build.0 = Release|Any CPU
	EndGlobalSection
	GlobalSection(SolutionProperties) = preSolution
		HideSolutionNode = FALSE
	EndGlobalSection
EndGlobal
